{
  "version": "5",
  "specifiers": {
    "npm:@supabase/supabase-js@2": "2.112.2",
    "npm:@yodaos-pkg/aix@0.7": "0.7.0",
    "npm:@yodaos-pkg/ink@0.14": "0.14.0",
    "npm:jpeg-js@0.4.4": "0.4.4"
  },
  "npm": {
    "@supabase/auth-js@2.112.2": {
      "integrity": "sha512-l1InCp4j98d09LZ6+RgubgF4eVPGBGXcLEhFusLg1qUCHJ2IEkYu5FohKK+eaFmIOwEk0kqG/j/lycw5e15mcQ==",
      "dependencies": [
        "tslib"
      ]
    },
    "@supabase/functions-js@2.112.2": {
      "integrity": "sha512-oMuSWN0ERmrG9S6kOM0bwhHmESGVl3kMtkZl2dNCU/r89hMiziX4GfD1omNo9QcBDele4N0GwSZ7hdbpuiA35A==",
      "dependencies": [
        "tslib"
      ]
    },
    "@supabase/phoenix@0.4.5": {
      "integrity": "sha512-aAn9H9ovVyeApKy11OWOrrOGq8DV68yWeH4ud2lN9fzn4aO8Zb5GLL9m1pUg9nLqIcT+ZDfAcsZe0E/nqdv2lw=="
    },
    "@supabase/postgrest-js@2.112.2": {
      "integrity": "sha512-ewhhtRny/HFRGhUTTg/PsqIatsl8OhW8Eha/Tz4S+SRAXBnuhKei9ZpsQTgL/3XcH9UEwuPQyQgQ9itq7nRQeg==",
      "dependencies": [
        "tslib"
      ]
    },
    "@supabase/realtime-js@2.112.2": {
      "integrity": "sha512-cd9/CEUJ6Go13FxtfiuC5rYELJtuQzVzTXlGG+XjSppjDS+anq+xo++WQe7ZRUNTuHOCeyKRwmx9Hw/OQJ04ig==",
      "dependencies": [
        "@supabase/phoenix",
        "tslib"
      ]
    },
    "@supabase/storage-js@2.112.2": {
      "integrity": "sha512-6jyBq/J1iXOHNpbjCZS7gFcDk49iM1MCJUVkDl71gLd/+XnLDzpUBs8icGebtwiHpl4kVszxIRDYAosbF4Rsig==",
      "dependencies": [
        "iceberg-js",
        "tslib"
      ]
    },
    "@supabase/supabase-js@2.112.2": {
      "integrity": "sha512-UyI1epU9B4X51HvNpkmlwTdF20fEcz2vyvrcDKVzFN4jZN41f5iQRqsiIQjAY5OVJD6ljqA/1g9JQeOTvFHpkA==",
      "dependencies": [
        "@supabase/auth-js",
        "@supabase/functions-js",
        "@supabase/postgrest-js",
        "@supabase/realtime-js",
        "@supabase/storage-js"
      ]
    },
    "@yodaos-pkg/aix@0.7.0": {
      "integrity": "sha512-HOMm1vz2Vc/YzMyg1eFCPyGPqpEJSPN06m2yZg8v47mY7U0/N9fLAx94LL2LX6COQCla8p/PF75Xr7W/ylnRlA=="
    },
    "@yodaos-pkg/ink@0.14.0": {
      "integrity": "sha512-jmTbj4wSgQthV5zk7FhavBbaMJlPwsy4QbQyqZwP7XUePbRhDWtHFwtSwfc15komhdZQpZWHeeohC5fGHa/Flg=="
    },
    "iceberg-js@0.8.1": {
      "integrity": "sha512-1dhVQZXhcHje7798IVM+xoo/1ZdVfzOMIc8/rgVSijRK38EDqOJoGula9N/8ZI5RD8QTxNQtK/Gozpr+qUqRRA=="
    },
    "jpeg-js@0.4.4": {
      "integrity": "sha512-WZzeDOEtTOBK4Mdsar0IqEU5sMr3vSV2RqkAIzUEV2BHnUfKGyswWFPFwK5EeDo93K3FohSHbLAjj0s1Wzd+dg=="
    },
    "tslib@2.8.1": {
      "integrity": "sha512-oJFu94HQb+KVduSUQL7wnpmqnfmLsOA/nAh6b6EH0wCEoK0/mPeXU6c3wKDV83MkOuHPRHtSXKKU99IBazS/2w=="
    }
  },
  "remote": {
    "https://esm.sh/onnxruntime-web@1.16.3?target=denonext": "d119c400b683727a61a14a0350ae189e5c2469db6535d94751086195b3533357"
  },
  "workspace": {
    "packageJson": {
      "dependencies": [
        "npm:@yodaos-pkg/aix@0.7",
        "npm:@yodaos-pkg/ink@0.14"
      ]
    }
  }
}
