{
  "name": "people-memory",
  "version": "1.0.0",
  "lockfileVersion": 3,
  "requires": true,
  "packages": {
    "": {
      "name": "people-memory",
      "version": "1.0.0",
      "devDependencies": {
        "@yodaos-pkg/aix": "^0.7.0",
        "@yodaos-pkg/ink": "^0.14.0"
      }
    },
    "node_modules/@yodaos-pkg/aix": {
      "version": "0.7.0",
      "resolved": "https://registry.npmjs.org/@yodaos-pkg/aix/-/aix-0.7.0.tgz",
      "integrity": "sha512-HOMm1vz2Vc/YzMyg1eFCPyGPqpEJSPN06m2yZg8v47mY7U0/N9fLAx94LL2LX6COQCla8p/PF75Xr7W/ylnRlA==",
      "dev": true
    },
    "node_modules/@yodaos-pkg/ink": {
      "version": "0.14.0",
      "resolved": "https://registry.npmjs.org/@yodaos-pkg/ink/-/ink-0.14.0.tgz",
      "integrity": "sha512-jmTbj4wSgQthV5zk7FhavBbaMJlPwsy4QbQyqZwP7XUePbRhDWtHFwtSwfc15komhdZQpZWHeeohC5fGHa/Flg==",
      "dev": true,
      "license": "Apache-2.0"
    }
  }
}
